
Microsoft Visual Studio Solution File, Format Version 12.00
# Visual Studio Version 17
VisualStudioVersion = 17.5.33414.496
MinimumVisualStudioVersion = 10.0.40219.1
Project("{FAE04EC0-301F-11D3-BF4B-00C04F79EFBC}") = "Adjacency", "Adjacency.csproj", "{3DD2B45E-AD54-497E-BA87-84F5C374D460}"
EndProject
Global
	GlobalSection(SolutionConfigurationPlatforms) = preSolution
		Debug|Any CPU = Debug|Any CPU
		Release|Any CPU = Release|Any CPU
	EndGlobalSection
	GlobalSection(ProjectConfigurationPlatforms) = postSolution
		{3DD2B45E-AD54-497E-BA87-84F5C374D460}.Debug|Any CPU.ActiveCfg = Debug|Any CPU
		{3DD2B45E-AD54-497E-BA87-84F5C374D460}.Debug|Any CPU.Build.0 = Debug|Any CPU
		{3DD2B45E-AD54-497E-BA87-84F5C374D460}.Release|Any CPU.ActiveCfg = Release|Any CPU
		{3DD2B45E-AD54-497E-BA87-84F5C374D460}.Release|Any CPU.Build.0 = Release|Any CPU
	EndGlobalSection
	GlobalSection(SolutionProperties) = preSolution
		HideSolutionNode = FALSE
	EndGlobalSection
	GlobalSection(ExtensibilityGlobals) = postSolution
		SolutionGuid = {D9693395-5969-4DBD-A109-2CB525C5CB25}
	EndGlobalSection
EndGlobal
